
Microsoft Visual Studio Solution File, Format Version 12.00
# Visual Studio Version 17
VisualStudioVersion = 17.4.33110.190
MinimumVisualStudioVersion = 10.0.40219.1
Project("{FAE04EC0-301F-11D3-BF4B-00C04F79EFBC}") = "Project1", "Project1.csproj", "{14FA440F-2AC8-4226-A2B0-2688C5E02510}"
EndProject
Global
	GlobalSection(SolutionConfigurationPlatforms) = preSolution
		Debug|Any CPU = Debug|Any CPU
		Release|Any CPU = Release|Any CPU
	EndGlobalSection
	GlobalSection(ProjectConfigurationPlatforms) = postSolution
		{14FA440F-2AC8-4226-A2B0-2688C5E02510}.Debug|Any CPU.ActiveCfg = Debug|Any CPU
		{14FA440F-2AC8-4226-A2B0-2688C5E02510}.Debug|Any CPU.Build.0 = Debug|Any CPU
		{14FA440F-2AC8-4226-A2B0-2688C5E02510}.Release|Any CPU.ActiveCfg = Release|Any CPU
		{14FA440F-2AC8-4226-A2B0-2688C5E02510}.Release|Any CPU.Build.0 = Release|Any CPU
	EndGlobalSection
	GlobalSection(SolutionProperties) = preSolution
		HideSolutionNode = FALSE
	EndGlobalSection
	GlobalSection(ExtensibilityGlobals) = postSolution
		SolutionGuid = {41256921-2372-428A-AA92-1BE9E8E6C5C9}
	EndGlobalSection
EndGlobal
